
Microsoft Visual Studio Solution File, Format Version 12.00
# Visual Studio Version 16
VisualStudioVersion = 16.0.31729.503
MinimumVisualStudioVersion = 10.0.40219.1
Project("{8BC9CEB8-8B4A-11D0-8D11-00A0C91BC942}") = "unfinished_vector", "unfinished_vector\unfinished_vector.vcxproj", "{FF058C10-A2B9-4F3E-A0E8-3C0BA18A496E}"
EndProject
Project("{FAE04EC0-301F-11D3-BF4B-00C04F79EFBC}") = "MyList", "MyList\MyList.csproj", "{EAEFACC6-ECA5-41F3-B557-8F842218D952}"
EndProject
Global
	GlobalSection(SolutionConfigurationPlatforms) = preSolution
		Debug|Any CPU = Debug|Any CPU
		Debug|x64 = Debug|x64
		Debug|x86 = Debug|x86
		Release|Any CPU = Release|Any CPU
		Release|x64 = Release|x64
		Release|x86 = Release|x86
	EndGlobalSection
	GlobalSection(ProjectConfigurationPlatforms) = postSolution
		{FF058C10-A2B9-4F3E-A0E8-3C0BA18A496E}.Debug|Any CPU.ActiveCfg = Debug|Win32
		{FF058C10-A2B9-4F3E-A0E8-3C0BA18A496E}.Debug|x64.ActiveCfg = Debug|x64
		{FF058C10-A2B9-4F3E-A0E8-3C0BA18A496E}.Debug|x64.Build.0 = Debug|x64
		{FF058C10-A2B9-4F3E-A0E8-3C0BA18A496E}.Debug|x86.ActiveCfg = Debug|Win32
		{FF058C10-A2B9-4F3E-A0E8-3C0BA18A496E}.Debug|x86.Build.0 = Debug|Win32
		{FF058C10-A2B9-4F3E-A0E8-3C0BA18A496E}.Release|Any CPU.ActiveCfg = Release|Win32
		{FF058C10-A2B9-4F3E-A0E8-3C0BA18A496E}.Release|x64.ActiveCfg = Release|x64
		{FF058C10-A2B9-4F3E-A0E8-3C0BA18A496E}.Release|x64.Build.0 = Release|x64
		{FF058C10-A2B9-4F3E-A0E8-3C0BA18A496E}.Release|x86.ActiveCfg = Release|Win32
		{FF058C10-A2B9-4F3E-A0E8-3C0BA18A496E}.Release|x86.Build.0 = Release|Win32
		{EAEFACC6-ECA5-41F3-B557-8F842218D952}.Debug|Any CPU.ActiveCfg = Debug|Any CPU
		{EAEFACC6-ECA5-41F3-B557-8F842218D952}.Debug|Any CPU.Build.0 = Debug|Any CPU
		{EAEFACC6-ECA5-41F3-B557-8F842218D952}.Debug|x64.ActiveCfg = Debug|Any CPU
		{EAEFACC6-ECA5-41F3-B557-8F842218D952}.Debug|x64.Build.0 = Debug|Any CPU
		{EAEFACC6-ECA5-41F3-B557-8F842218D952}.Debug|x86.ActiveCfg = Debug|Any CPU
		{EAEFACC6-ECA5-41F3-B557-8F842218D952}.Debug|x86.Build.0 = Debug|Any CPU
		{EAEFACC6-ECA5-41F3-B557-8F842218D952}.Release|Any CPU.ActiveCfg = Release|Any CPU
		{EAEFACC6-ECA5-41F3-B557-8F842218D952}.Release|Any CPU.Build.0 = Release|Any CPU
		{EAEFACC6-ECA5-41F3-B557-8F842218D952}.Release|x64.ActiveCfg = Release|Any CPU
		{EAEFACC6-ECA5-41F3-B557-8F842218D952}.Release|x64.Build.0 = Release|Any CPU
		{EAEFACC6-ECA5-41F3-B557-8F842218D952}.Release|x86.ActiveCfg = Release|Any CPU
		{EAEFACC6-ECA5-41F3-B557-8F842218D952}.Release|x86.Build.0 = Release|Any CPU
	EndGlobalSection
	GlobalSection(SolutionProperties) = preSolution
		HideSolutionNode = FALSE
	EndGlobalSection
	GlobalSection(ExtensibilityGlobals) = postSolution
		SolutionGuid = {E0B41ABE-BA6A-4217-8A57-61CFB36E9832}
	EndGlobalSection
EndGlobal
